
Microsoft Visual Studio Solution File, Format Version 12.00
# Visual Studio 2012
Project("{FAE04EC0-301F-11D3-BF4B-00C04F79EFBC}") = "bigproject", "bigproject\bigproject.csproj", "{D70CEAC0-0D19-4B2D-B7DD-3A7C99037C2C}"
EndProject
Project("{FAE04EC0-301F-11D3-BF4B-00C04F79EFBC}") = "Model", "Model\Model.csproj", "{8DA9F578-92DB-43B2-89FE-1F8687A2DB38}"
EndProject
Project("{FAE04EC0-301F-11D3-BF4B-00C04F79EFBC}") = "DAL", "DAL\DAL.csproj", "{0C12D0E9-A273-41CF-A28C-CA5FF82BEB5F}"
EndProject
Project("{FAE04EC0-301F-11D3-BF4B-00C04F79EFBC}") = "BLL", "BLL\BLL.csproj", "{DA64C506-E3D0-43B8-A69E-DE3B03D60341}"
EndProject
Global
	GlobalSection(SolutionConfigurationPlatforms) = preSolution
		Debug|Any CPU = Debug|Any CPU
		Release|Any CPU = Release|Any CPU
	EndGlobalSection
	GlobalSection(ProjectConfigurationPlatforms) = postSolution
		{D70CEAC0-0D19-4B2D-B7DD-3A7C99037C2C}.Debug|Any CPU.ActiveCfg = Debug|Any CPU
		{D70CEAC0-0D19-4B2D-B7DD-3A7C99037C2C}.Debug|Any CPU.Build.0 = Debug|Any CPU
		{D70CEAC0-0D19-4B2D-B7DD-3A7C99037C2C}.Release|Any CPU.ActiveCfg = Release|Any CPU
		{D70CEAC0-0D19-4B2D-B7DD-3A7C99037C2C}.Release|Any CPU.Build.0 = Release|Any CPU
		{8DA9F578-92DB-43B2-89FE-1F8687A2DB38}.Debug|Any CPU.ActiveCfg = Debug|Any CPU
		{8DA9F578-92DB-43B2-89FE-1F8687A2DB38}.Debug|Any CPU.Build.0 = Debug|Any CPU
		{8DA9F578-92DB-43B2-89FE-1F8687A2DB38}.Release|Any CPU.ActiveCfg = Release|Any CPU
		{8DA9F578-92DB-43B2-89FE-1F8687A2DB38}.Release|Any CPU.Build.0 = Release|Any CPU
		{0C12D0E9-A273-41CF-A28C-CA5FF82BEB5F}.Debug|Any CPU.ActiveCfg = Debug|Any CPU
		{0C12D0E9-A273-41CF-A28C-CA5FF82BEB5F}.Debug|Any CPU.Build.0 = Debug|Any CPU
		{0C12D0E9-A273-41CF-A28C-CA5FF82BEB5F}.Release|Any CPU.ActiveCfg = Release|Any CPU
		{0C12D0E9-A273-41CF-A28C-CA5FF82BEB5F}.Release|Any CPU.Build.0 = Release|Any CPU
		{DA64C506-E3D0-43B8-A69E-DE3B03D60341}.Debug|Any CPU.ActiveCfg = Debug|Any CPU
		{DA64C506-E3D0-43B8-A69E-DE3B03D60341}.Debug|Any CPU.Build.0 = Debug|Any CPU
		{DA64C506-E3D0-43B8-A69E-DE3B03D60341}.Release|Any CPU.ActiveCfg = Release|Any CPU
		{DA64C506-E3D0-43B8-A69E-DE3B03D60341}.Release|Any CPU.Build.0 = Release|Any CPU
	EndGlobalSection
	GlobalSection(SolutionProperties) = preSolution
		HideSolutionNode = FALSE
	EndGlobalSection
EndGlobal
